
Microsoft Visual Studio Solution File, Format Version 12.00
# Visual Studio Version 16
VisualStudioVersion = 16.0.32126.315
MinimumVisualStudioVersion = 10.0.40219.1
Project("{FAE04EC0-301F-11D3-BF4B-00C04F79EFBC}") = "TeknikServis", "TeknikServis\TeknikServis.csproj", "{DAB5A613-5FC1-4691-84CE-B30E1CC3092B}"
EndProject
Global
	GlobalSection(SolutionConfigurationPlatforms) = preSolution
		Debug|Any CPU = Debug|Any CPU
		Release|Any CPU = Release|Any CPU
	EndGlobalSection
	GlobalSection(ProjectConfigurationPlatforms) = postSolution
		{DAB5A613-5FC1-4691-84CE-B30E1CC3092B}.Debug|Any CPU.ActiveCfg = Debug|Any CPU
		{DAB5A613-5FC1-4691-84CE-B30E1CC3092B}.Debug|Any CPU.Build.0 = Debug|Any CPU
		{DAB5A613-5FC1-4691-84CE-B30E1CC3092B}.Release|Any CPU.ActiveCfg = Release|Any CPU
		{DAB5A613-5FC1-4691-84CE-B30E1CC3092B}.Release|Any CPU.Build.0 = Release|Any CPU
	EndGlobalSection
	GlobalSection(SolutionProperties) = preSolution
		HideSolutionNode = FALSE
	EndGlobalSection
	GlobalSection(ExtensibilityGlobals) = postSolution
		SolutionGuid = {35FC00D4-2EC2-4FD2-B6BC-9DCAAAEA9EF9}
	EndGlobalSection
EndGlobal
